
Microsoft Visual Studio Solution File, Format Version 12.00
# Visual Studio Version 17
VisualStudioVersion = 17.0.31903.59
MinimumVisualStudioVersion = 10.0.40219.1
Project("{2150E333-8FDC-42A3-9474-1A3956D46DE8}") = "src", "src", "{827E0CD3-B72D-47B6-A68D-7590B98EB39B}"
EndProject
Project("{FAE04EC0-301F-11D3-BF4B-00C04F79EFBC}") = "Specforge.Core", "src\Specforge.Core\Specforge.Core.csproj", "{3A886DE9-9861-4F44-B405-18EEF07831A6}"
EndProject
Project("{FAE04EC0-301F-11D3-BF4B-00C04F79EFBC}") = "Specforge.Mcp", "src\Specforge.Mcp\Specforge.Mcp.csproj", "{D64CF75C-8292-4FFB-A6E2-40DA281526BA}"
EndProject
Project("{2150E333-8FDC-42A3-9474-1A3956D46DE8}") = "test", "test", "{0C88DD14-F956-CE84-757C-A364CCF449FC}"
EndProject
Project("{FAE04EC0-301F-11D3-BF4B-00C04F79EFBC}") = "Specforge.Tests", "test\Specforge.Tests\Specforge.Tests.csproj", "{5AA45500-E93E-4166-8641-8CB5CB3814E8}"
EndProject
Global
	GlobalSection(SolutionConfigurationPlatforms) = preSolution
		Debug|Any CPU = Debug|Any CPU
		Debug|x64 = Debug|x64
		Debug|x86 = Debug|x86
		Release|Any CPU = Release|Any CPU
		Release|x64 = Release|x64
		Release|x86 = Release|x86
	EndGlobalSection
	GlobalSection(ProjectConfigurationPlatforms) = postSolution
		{3A886DE9-9861-4F44-B405-18EEF07831A6}.Debug|Any CPU.ActiveCfg = Debug|Any CPU
		{3A886DE9-9861-4F44-B405-18EEF07831A6}.Debug|Any CPU.Build.0 = Debug|Any CPU
		{3A886DE9-9861-4F44-B405-18EEF07831A6}.Debug|x64.ActiveCfg = Debug|Any CPU
		{3A886DE9-9861-4F44-B405-18EEF07831A6}.Debug|x64.Build.0 = Debug|Any CPU
		{3A886DE9-9861-4F44-B405-18EEF07831A6}.Debug|x86.ActiveCfg = Debug|Any CPU
		{3A886DE9-9861-4F44-B405-18EEF07831A6}.Debug|x86.Build.0 = Debug|Any CPU
		{3A886DE9-9861-4F44-B405-18EEF07831A6}.Release|Any CPU.ActiveCfg = Release|Any CPU
		{3A886DE9-9861-4F44-B405-18EEF07831A6}.Release|Any CPU.Build.0 = Release|Any CPU
		{3A886DE9-9861-4F44-B405-18EEF07831A6}.Release|x64.ActiveCfg = Release|Any CPU
		{3A886DE9-9861-4F44-B405-18EEF07831A6}.Release|x64.Build.0 = Release|Any CPU
		{3A886DE9-9861-4F44-B405-18EEF07831A6}.Release|x86.ActiveCfg = Release|Any CPU
		{3A886DE9-9861-4F44-B405-18EEF07831A6}.Release|x86.Build.0 = Release|Any CPU
		{D64CF75C-8292-4FFB-A6E2-40DA281526BA}.Debug|Any CPU.ActiveCfg = Debug|Any CPU
		{D64CF75C-8292-4FFB-A6E2-40DA281526BA}.Debug|Any CPU.Build.0 = Debug|Any CPU
		{D64CF75C-8292-4FFB-A6E2-40DA281526BA}.Debug|x64.ActiveCfg = Debug|Any CPU
		{D64CF75C-8292-4FFB-A6E2-40DA281526BA}.Debug|x64.Build.0 = Debug|Any CPU
		{D64CF75C-8292-4FFB-A6E2-40DA281526BA}.Debug|x86.ActiveCfg = Debug|Any CPU
		{D64CF75C-8292-4FFB-A6E2-40DA281526BA}.Debug|x86.Build.0 = Debug|Any CPU
		{D64CF75C-8292-4FFB-A6E2-40DA281526BA}.Release|Any CPU.ActiveCfg = Release|Any CPU
		{D64CF75C-8292-4FFB-A6E2-40DA281526BA}.Release|Any CPU.Build.0 = Release|Any CPU
		{D64CF75C-8292-4FFB-A6E2-40DA281526BA}.Release|x64.ActiveCfg = Release|Any CPU
		{D64CF75C-8292-4FFB-A6E2-40DA281526BA}.Release|x64.Build.0 = Release|Any CPU
		{D64CF75C-8292-4FFB-A6E2-40DA281526BA}.Release|x86.ActiveCfg = Release|Any CPU
		{D64CF75C-8292-4FFB-A6E2-40DA281526BA}.Release|x86.Build.0 = Release|Any CPU
		{5AA45500-E93E-4166-8641-8CB5CB3814E8}.Debug|Any CPU.ActiveCfg = Debug|Any CPU
		{5AA45500-E93E-4166-8641-8CB5CB3814E8}.Debug|Any CPU.Build.0 = Debug|Any CPU
		{5AA45500-E93E-4166-8641-8CB5CB3814E8}.Debug|x64.ActiveCfg = Debug|Any CPU
		{5AA45500-E93E-4166-8641-8CB5CB3814E8}.Debug|x64.Build.0 = Debug|Any CPU
		{5AA45500-E93E-4166-8641-8CB5CB3814E8}.Debug|x86.ActiveCfg = Debug|Any CPU
		{5AA45500-E93E-4166-8641-8CB5CB3814E8}.Debug|x86.Build.0 = Debug|Any CPU
		{5AA45500-E93E-4166-8641-8CB5CB3814E8}.Release|Any CPU.ActiveCfg = Release|Any CPU
		{5AA45500-E93E-4166-8641-8CB5CB3814E8}.Release|Any CPU.Build.0 = Release|Any CPU
		{5AA45500-E93E-4166-8641-8CB5CB3814E8}.Release|x64.ActiveCfg = Release|Any CPU
		{5AA45500-E93E-4166-8641-8CB5CB3814E8}.Release|x64.Build.0 = Release|Any CPU
		{5AA45500-E93E-4166-8641-8CB5CB3814E8}.Release|x86.ActiveCfg = Release|Any CPU
		{5AA45500-E93E-4166-8641-8CB5CB3814E8}.Release|x86.Build.0 = Release|Any CPU
	EndGlobalSection
	GlobalSection(SolutionProperties) = preSolution
		HideSolutionNode = FALSE
	EndGlobalSection
	GlobalSection(NestedProjects) = preSolution
		{3A886DE9-9861-4F44-B405-18EEF07831A6} = {827E0CD3-B72D-47B6-A68D-7590B98EB39B}
		{D64CF75C-8292-4FFB-A6E2-40DA281526BA} = {827E0CD3-B72D-47B6-A68D-7590B98EB39B}
		{5AA45500-E93E-4166-8641-8CB5CB3814E8} = {0C88DD14-F956-CE84-757C-A364CCF449FC}
	EndGlobalSection
EndGlobal
